Microsoft Visual Studio Solution File, Format Version 12.00
# Visual Studio Version 17
VisualStudioVersion = 17.0.31903.59
MinimumVisualStudioVersion = 10.0.40219.1
Project("{FAE04EC0-301F-11D3-BF4B-00C04F79EFBC}") = "FocusGuard", "FocusGuard\FocusGuard.csproj", "{B6FBB03C-5F3F-43B0-AB1D-2F7E5B1A4C10}"
EndProject
Project("{FAE04EC0-301F-11D3-BF4B-00C04F79EFBC}") = "FocusGuard.Tests", "FocusGuard.Tests\FocusGuard.Tests.csproj", "{2957E36B-B3F8-4470-A519-AA95F14B06E4}"
EndProject
Global
	GlobalSection(SolutionConfigurationPlatforms) = preSolution
		Debug|Any CPU = Debug|Any CPU
		Release|Any CPU = Release|Any CPU
	EndGlobalSection
	GlobalSection(ProjectConfigurationPlatforms) = postSolution
		{B6FBB03C-5F3F-43B0-AB1D-2F7E5B1A4C10}.Debug|Any CPU.ActiveCfg = Debug|Any CPU
		{B6FBB03C-5F3F-43B0-AB1D-2F7E5B1A4C10}.Debug|Any CPU.Build.0 = Debug|Any CPU
		{B6FBB03C-5F3F-43B0-AB1D-2F7E5B1A4C10}.Release|Any CPU.ActiveCfg = Release|Any CPU
		{B6FBB03C-5F3F-43B0-AB1D-2F7E5B1A4C10}.Release|Any CPU.Build.0 = Release|Any CPU
		{2957E36B-B3F8-4470-A519-AA95F14B06E4}.Debug|Any CPU.ActiveCfg = Debug|Any CPU
		{2957E36B-B3F8-4470-A519-AA95F14B06E4}.Debug|Any CPU.Build.0 = Debug|Any CPU
		{2957E36B-B3F8-4470-A519-AA95F14B06E4}.Release|Any CPU.ActiveCfg = Release|Any CPU
		{2957E36B-B3F8-4470-A519-AA95F14B06E4}.Release|Any CPU.Build.0 = Release|Any CPU
	EndGlobalSection
	GlobalSection(SolutionProperties) = preSolution
		HideSolutionNode = FALSE
	EndGlobalSection
EndGlobal
